<?xml version="1.0" encoding="utf-8"?>
<Project ToolsVersion="4.0" xmlns="http://schemas.microsoft.com/developer/msbuild/2003">
  <ItemGroup>
    <Filter Include="Resource Files">
      <UniqueIdentifier>{67DA6AB6-F800-4c08-8B7A-83BB121AAD01}</UniqueIdentifier>
      <Extensions>rc;ico;cur;bmp;dlg;rc2;rct;bin;rgs;gif;jpg;jpeg;jpe;resx;tiff;tif;png;wav;mfcribbon-ms</Extensions>
    </Filter>
    <Filter Include="Engine">
      <UniqueIdentifier>{f38b654c-1bc1-4a47-903b-af917bb42fe2}</UniqueIdentifier>
    </Filter>
    <Filter Include="Engine\Source Files">
      <UniqueIdentifier>{4FC737F1-C7A5-4376-A066-2A32D752A2FF}</UniqueIdentifier>
      <Extensions>cpp;c;cc;cxx;def;odl;idl;hpj;bat;asm;asmx</Extensions>
    </Filter>
    <Filter Include="Engine\Header Files">
      <UniqueIdentifier>{93995380-89BD-4b04-88EB-625FBE52EBFB}</UniqueIdentifier>
      <Extensions>h;hpp;hxx;hm;inl;inc;xsd</Extensions>
    </Filter>
    <Filter Include="Engine\Common">
      <UniqueIdentifier>{8508248f-57f2-4368-b064-4b5bb6ce2e75}</UniqueIdentifier>
    </Filter>
    <Filter Include="Engine\Shaders">
      <UniqueIdentifier>{9336bd1b-29b7-4d39-8c21-d483fbe9f0d1}</UniqueIdentifier>
    </Filter>
    <Filter Include="Engine\Header Files\Components">
      <UniqueIdentifier>{b170bf90-f0f8-4d3a-add0-0e7d2ca5973d}</UniqueIdentifier>
    </Filter>
    <Filter Include="Engine\Source Files\Components">
      <UniqueIdentifier>{e3208537-92c9-4f82-9899-b4f04c7e97ab}</UniqueIdentifier>
    </Filter>
  </ItemGroup>
  <ItemGroup>
    <ClCompile Include="main.cpp">
      <Filter>Engine\Source Files</Filter>
    </ClCompile>
    <ClCompile Include="application.cpp">
      <Filter>Engine\Source Files</Filter>
    </ClCompile>
    <ClCompile Include="settings.cpp">
      <Filter>Engine\Source Files</Filter>
    </ClCompile>
    <ClCompile Include="scene.cpp">
      <Filter>Engine\Source Files</Filter>
    </ClCompile>
    <ClCompile Include="gameObject.cpp">
      <Filter>Engine\Source Files</Filter>
    </ClCompile>
    <ClCompile Include="transform.cpp">
      <Filter>Engine\Source Files</Filter>
    </ClCompile>
    <ClCompile Include="input.cpp">
      <Filter>Engine\Source Files</Filter>
    </ClCompile>
    <ClCompile Include="component.cpp">
      <Filter>Engine\Source Files</Filter>
    </ClCompile>
    <ClCompile Include="meshRenderer.cpp">
      <Filter>Engine\Source Files\Components</Filter>
    </ClCompile>
    <ClCompile Include="mesh.cpp">
      <Filter>Engine\Source Files\Components</Filter>
    </ClCompile>
    <ClCompile Include="material.cpp">
      <Filter>Engine\Source Files\Components</Filter>
    </ClCompile>
    <ClCompile Include="asset.cpp">
      <Filter>Engine\Source Files</Filter>
    </ClCompile>
    <ClCompile Include="shader_tmp.cpp">
      <Filter>Engine\Common</Filter>
    </ClCompile>
    <ClCompile Include="shader.cpp">
      <Filter>Engine\Source Files\Components</Filter>
    </ClCompile>
    <ClCompile Include="uniformValue.cpp">
      <Filter>Engine\Source Files</Filter>
    </ClCompile>
  </ItemGroup>
  <ItemGroup>
    <ClInclude Include="application.h">
      <Filter>Engine\Header Files</Filter>
    </ClInclude>
    <ClInclude Include="settings.h">
      <Filter>Engine\Header Files</Filter>
    </ClInclude>
    <ClInclude Include="scene.h">
      <Filter>Engine\Header Files</Filter>
    </ClInclude>
    <ClInclude Include="gameObject.h">
      <Filter>Engine\Header Files</Filter>
    </ClInclude>
    <ClInclude Include="transform.h">
      <Filter>Engine\Header Files</Filter>
    </ClInclude>
    <ClInclude Include="input.h">
      <Filter>Engine\Header Files</Filter>
    </ClInclude>
    <ClInclude Include="component.h">
      <Filter>Engine\Header Files</Filter>
    </ClInclude>
    <ClInclude Include="meshRenderer.h">
      <Filter>Engine\Header Files\Components</Filter>
    </ClInclude>
    <ClInclude Include="mesh.h">
      <Filter>Engine\Header Files\Components</Filter>
    </ClInclude>
    <ClInclude Include="material.h">
      <Filter>Engine\Header Files\Components</Filter>
    </ClInclude>
    <ClInclude Include="asset.h">
      <Filter>Engine\Header Files</Filter>
    </ClInclude>
    <ClInclude Include="shader_tmp.h">
      <Filter>Engine\Common</Filter>
    </ClInclude>
    <ClInclude Include="shader.h">
      <Filter>Engine\Header Files\Components</Filter>
    </ClInclude>
    <ClInclude Include="uniformValue.h">
      <Filter>Engine\Header Files</Filter>
    </ClInclude>
  </ItemGroup>
  <ItemGroup>
    <None Include="SingleColor.frag">
      <Filter>Engine\Shaders</Filter>
    </None>
    <None Include="SingleColor.vert">
      <Filter>Engine\Shaders</Filter>
    </None>
    <None Include="ClassDiagram1.cd" />
  </ItemGroup>
</Project>